
Microsoft Visual Studio Solution File, Format Version 12.00
# Visual Studio Version 17
VisualStudioVersion = 17.10.34607.79
MinimumVisualStudioVersion = 10.0.40219.1
Project("{9A19103F-16F7-4668-BE54-9A1E7A4F7556}") = "kalkulyotor", "kalkulyotor\kalkulyotor.csproj", "{AD6EC61C-8FC6-4FDE-A66E-B5856283EC9B}"
EndProject
Project("{FAE04EC0-301F-11D3-BF4B-00C04F79EFBC}") = "MohirDevAmaliyVazifa", "MohirDevAmaliyVazifa\MohirDevAmaliyVazifa.csproj", "{E5BCE13A-F3A0-43DB-BFCC-91C63A7A7649}"
EndProject
Global
	GlobalSection(SolutionConfigurationPlatforms) = preSolution
		Debug|Any CPU = Debug|Any CPU
		Release|Any CPU = Release|Any CPU
	EndGlobalSection
	GlobalSection(ProjectConfigurationPlatforms) = postSolution
		{AD6EC61C-8FC6-4FDE-A66E-B5856283EC9B}.Debug|Any CPU.ActiveCfg = Debug|Any CPU
		{AD6EC61C-8FC6-4FDE-A66E-B5856283EC9B}.Debug|Any CPU.Build.0 = Debug|Any CPU
		{AD6EC61C-8FC6-4FDE-A66E-B5856283EC9B}.Release|Any CPU.ActiveCfg = Release|Any CPU
		{AD6EC61C-8FC6-4FDE-A66E-B5856283EC9B}.Release|Any CPU.Build.0 = Release|Any CPU
		{E5BCE13A-F3A0-43DB-BFCC-91C63A7A7649}.Debug|Any CPU.ActiveCfg = Debug|Any CPU
		{E5BCE13A-F3A0-43DB-BFCC-91C63A7A7649}.Debug|Any CPU.Build.0 = Debug|Any CPU
		{E5BCE13A-F3A0-43DB-BFCC-91C63A7A7649}.Release|Any CPU.ActiveCfg = Release|Any CPU
		{E5BCE13A-F3A0-43DB-BFCC-91C63A7A7649}.Release|Any CPU.Build.0 = Release|Any CPU
	EndGlobalSection
	GlobalSection(SolutionProperties) = preSolution
		HideSolutionNode = FALSE
	EndGlobalSection
	GlobalSection(ExtensibilityGlobals) = postSolution
		SolutionGuid = {A75EF9BF-08F9-41B1-A1FF-8A34DF9D7EC0}
	EndGlobalSection
EndGlobal
